{
  "name": "top-staking-yield-crypto-token-finder",
  "version": "0.1.0",
  "lockfileVersion": 3,
  "requires": true,
  "packages": {
    "": {
      "name": "top-staking-yield-crypto-token-finder",
      "version": "0.1.0",
      "license": "MIT",
      "peerDependencies": {
        "xactions": "3.0.44"
      },
      "peerDependenciesMeta": {
        "xactions": {
          "optional": true
        }
      }
    }
  }
}
